
Microsoft Visual Studio Solution File, Format Version 12.00
# Visual Studio Version 17
VisualStudioVersion = 17.0.31903.59
MinimumVisualStudioVersion = 10.0.40219.1
Project("{2150E333-8FDC-42A3-9474-1A3956D46DE8}") = "src", "src", "{5F083D82-996B-4157-B260-3FE2D341A9AF}"
EndProject
Project("{FAE04EC0-301F-11D3-BF4B-00C04F79EFBC}") = "Imperugo.HttpRequestLogger", "src\Imperugo.HttpRequestLogger\Imperugo.HttpRequestLogger.csproj", "{A8BB0F2E-0B7A-4EF5-9E1B-FC17F2BD07AC}"
EndProject
Project("{FAE04EC0-301F-11D3-BF4B-00C04F79EFBC}") = "Imperugo.HttpRequestLogger.MongoDb", "src\Imperugo.HttpRequestLogger.MongoDb\Imperugo.HttpRequestLogger.MongoDb.csproj", "{D65601B7-0975-4F5E-93B2-103F10EF4493}"
EndProject
Project("{2150E333-8FDC-42A3-9474-1A3956D46DE8}") = "sample", "sample", "{A052580E-30BC-4E52-9F31-67E2423D816A}"
EndProject
Project("{FAE04EC0-301F-11D3-BF4B-00C04F79EFBC}") = "Imperugo.HttpRequestLogger.Sample", "sample\Imperugo.HttpRequestLogger.Sample\Imperugo.HttpRequestLogger.Sample.csproj", "{693A7E7D-5A6D-455B-BC82-03DB5BEAC7C1}"
EndProject
Project("{FAE04EC0-301F-11D3-BF4B-00C04F79EFBC}") = "Imperugo.HttpRequestLogger.Abstractions", "src\Imperugo.HttpRequestLogger.Abstractions\Imperugo.HttpRequestLogger.Abstractions.csproj", "{48C12ED8-093D-4428-97AC-74431BBAFCC7}"
EndProject
Global
	GlobalSection(SolutionConfigurationPlatforms) = preSolution
		Debug|Any CPU = Debug|Any CPU
		Release|Any CPU = Release|Any CPU
	EndGlobalSection
	GlobalSection(SolutionProperties) = preSolution
		HideSolutionNode = FALSE
	EndGlobalSection
	GlobalSection(ProjectConfigurationPlatforms) = postSolution
		{A8BB0F2E-0B7A-4EF5-9E1B-FC17F2BD07AC}.Debug|Any CPU.ActiveCfg = Debug|Any CPU
		{A8BB0F2E-0B7A-4EF5-9E1B-FC17F2BD07AC}.Debug|Any CPU.Build.0 = Debug|Any CPU
		{A8BB0F2E-0B7A-4EF5-9E1B-FC17F2BD07AC}.Release|Any CPU.ActiveCfg = Release|Any CPU
		{A8BB0F2E-0B7A-4EF5-9E1B-FC17F2BD07AC}.Release|Any CPU.Build.0 = Release|Any CPU
		{D65601B7-0975-4F5E-93B2-103F10EF4493}.Debug|Any CPU.ActiveCfg = Debug|Any CPU
		{D65601B7-0975-4F5E-93B2-103F10EF4493}.Debug|Any CPU.Build.0 = Debug|Any CPU
		{D65601B7-0975-4F5E-93B2-103F10EF4493}.Release|Any CPU.ActiveCfg = Release|Any CPU
		{D65601B7-0975-4F5E-93B2-103F10EF4493}.Release|Any CPU.Build.0 = Release|Any CPU
		{693A7E7D-5A6D-455B-BC82-03DB5BEAC7C1}.Debug|Any CPU.ActiveCfg = Debug|Any CPU
		{693A7E7D-5A6D-455B-BC82-03DB5BEAC7C1}.Debug|Any CPU.Build.0 = Debug|Any CPU
		{693A7E7D-5A6D-455B-BC82-03DB5BEAC7C1}.Release|Any CPU.ActiveCfg = Release|Any CPU
		{693A7E7D-5A6D-455B-BC82-03DB5BEAC7C1}.Release|Any CPU.Build.0 = Release|Any CPU
		{48C12ED8-093D-4428-97AC-74431BBAFCC7}.Debug|Any CPU.ActiveCfg = Debug|Any CPU
		{48C12ED8-093D-4428-97AC-74431BBAFCC7}.Debug|Any CPU.Build.0 = Debug|Any CPU
		{48C12ED8-093D-4428-97AC-74431BBAFCC7}.Release|Any CPU.ActiveCfg = Release|Any CPU
		{48C12ED8-093D-4428-97AC-74431BBAFCC7}.Release|Any CPU.Build.0 = Release|Any CPU
	EndGlobalSection
	GlobalSection(NestedProjects) = preSolution
		{A8BB0F2E-0B7A-4EF5-9E1B-FC17F2BD07AC} = {5F083D82-996B-4157-B260-3FE2D341A9AF}
		{D65601B7-0975-4F5E-93B2-103F10EF4493} = {5F083D82-996B-4157-B260-3FE2D341A9AF}
		{693A7E7D-5A6D-455B-BC82-03DB5BEAC7C1} = {A052580E-30BC-4E52-9F31-67E2423D816A}
		{48C12ED8-093D-4428-97AC-74431BBAFCC7} = {5F083D82-996B-4157-B260-3FE2D341A9AF}
	EndGlobalSection
EndGlobal
